
Microsoft Visual Studio Solution File, Format Version 12.00
Project("{FAE04EC0-301F-11D3-BF4B-00C04F79EFBC}") = "PolyGame", "Src\PolyGame\PolyGame.csproj", "{D56833F2-0529-47F8-ABE6-EF26513A70A6}"
EndProject
Project("{FAE04EC0-301F-11D3-BF4B-00C04F79EFBC}") = "PolyECS", "Src\PolyECS\PolyECS.csproj", "{571759AC-BE78-463A-8C85-6B080938B3B3}"
EndProject
Project("{FAE04EC0-301F-11D3-BF4B-00C04F79EFBC}") = "PolyECS.Generator", "Src\PolyECS.Generator\PolyECS.Generator.csproj", "{4126E021-77DD-4283-B75E-5183B3DD9C31}"
EndProject
Project("{FAE04EC0-301F-11D3-BF4B-00C04F79EFBC}") = "Verse", "Src\Verse\Verse.csproj", "{CD5D6289-A153-4A91-899C-8AA62D6B8673}"
EndProject
Project("{FAE04EC0-301F-11D3-BF4B-00C04F79EFBC}") = "PolyGame.Tests", "Tests\PolyGame.Tests\PolyGame.Tests.csproj", "{2B183769-047E-4A0C-BA52-F7F1095C0C8C}"
EndProject
Project("{2150E333-8FDC-42A3-9474-1A3956D46DE8}") = "Tests", "Tests", "{F66B30B7-D2F1-492A-9923-5BF91A27E52A}"
EndProject
Project("{FAE04EC0-301F-11D3-BF4B-00C04F79EFBC}") = "PolyECS.Tests", "Tests\PolyECS.Tests\PolyECS.Tests.csproj", "{ECAACA30-3061-42AC-A979-937E11CDDE11}"
EndProject
Project("{FAE04EC0-301F-11D3-BF4B-00C04F79EFBC}") = "PolyECS.Benchmarks", "Tests\PolyECS.Benchmarks\PolyECS.Benchmarks.csproj", "{B2A0508D-CB6E-467E-A58E-92BB226312DB}"
EndProject
Project("{FAE04EC0-301F-11D3-BF4B-00C04F79EFBC}") = "PolyGame.AOT.Tests", "Tests\PolyGame.AOT.Tests\PolyGame.AOT.Tests.csproj", "{72E84EAE-4A15-4F03-9E92-15F756372B37}"
EndProject
Project("{FAE04EC0-301F-11D3-BF4B-00C04F79EFBC}") = "PolyGame.Examples", "Src\PolyGame.Examples\PolyGame.Examples.csproj", "{7094B701-C053-4459-BDA5-27DF71F77F03}"
EndProject
Project("{2150E333-8FDC-42A3-9474-1A3956D46DE8}") = "Flecs", "Flecs", "{0AD9F2C7-6DCA-4CF2-BC88-408F25C97778}"
EndProject
Project("{FAE04EC0-301F-11D3-BF4B-00C04F79EFBC}") = "Flecs.NET", "lib\Flecs.NET\src\Flecs.NET\Flecs.NET.csproj", "{2D690B4A-AC05-4DE0-A5DC-4CBA9A9CC4A6}"
EndProject
Project("{FAE04EC0-301F-11D3-BF4B-00C04F79EFBC}") = "Flecs.NET.Bindings", "lib\Flecs.NET\src\Flecs.NET.Bindings\Flecs.NET.Bindings.csproj", "{188EF2A4-83BC-4153-87F3-4670A0E3F16A}"
EndProject
Project("{FAE04EC0-301F-11D3-BF4B-00C04F79EFBC}") = "Flecs.NET.Native", "lib\Flecs.NET\src\Flecs.NET.Native\Flecs.NET.Native.csproj", "{AFFC805B-96B3-4DEB-9985-E7E0B77A2090}"
EndProject
Project("{FAE04EC0-301F-11D3-BF4B-00C04F79EFBC}") = "Flecs.NET.Codegen", "lib\Flecs.NET\src\Flecs.NET.Codegen\Flecs.NET.Codegen.csproj", "{2D451CF1-6FA2-46B1-A0DA-6E1D2F672427}"
EndProject
Project("{FAE04EC0-301F-11D3-BF4B-00C04F79EFBC}") = "PolyGame.Myra", "Src\PolyGame.Myra\PolyGame.Myra.csproj", "{3A6098AC-9DE9-400F-A9A7-6F1D629BC051}"
EndProject
Project("{FAE04EC0-301F-11D3-BF4B-00C04F79EFBC}") = "PolyGame.ImGui", "Src\PolyGame.ImGui\PolyGame.ImGui.csproj", "{6D0F0BF5-3745-4BE8-B2B6-C81139789C53}"
EndProject
Project("{FAE04EC0-301F-11D3-BF4B-00C04F79EFBC}") = "Flecs.NET.Tests", "lib\Flecs.NET\src\Flecs.NET.Tests\Flecs.NET.Tests.csproj", "{30C6703C-EF3F-496E-B3CA-AADC0618CB76}"
EndProject
Project("{FAE04EC0-301F-11D3-BF4B-00C04F79EFBC}") = "Flecs.NET.Examples", "lib\Flecs.NET\src\Flecs.NET.Examples\Flecs.NET.Examples.csproj", "{F70A1C52-3B89-4377-ACB7-076B841F51EE}"
EndProject
Project("{FAE04EC0-301F-11D3-BF4B-00C04F79EFBC}") = "PolyGame.Editor", "Src\PolyGame.Editor\PolyGame.Editor.csproj", "{B2E92B32-9D75-4495-A760-8E629828395E}"
EndProject
Global
	GlobalSection(SolutionConfigurationPlatforms) = preSolution
		Debug|Any CPU = Debug|Any CPU
		Release|Any CPU = Release|Any CPU
	EndGlobalSection
	GlobalSection(ProjectConfigurationPlatforms) = postSolution
		{D56833F2-0529-47F8-ABE6-EF26513A70A6}.Debug|Any CPU.ActiveCfg = Debug|Any CPU
		{D56833F2-0529-47F8-ABE6-EF26513A70A6}.Debug|Any CPU.Build.0 = Debug|Any CPU
		{D56833F2-0529-47F8-ABE6-EF26513A70A6}.Release|Any CPU.ActiveCfg = Release|Any CPU
		{D56833F2-0529-47F8-ABE6-EF26513A70A6}.Release|Any CPU.Build.0 = Release|Any CPU
		{571759AC-BE78-463A-8C85-6B080938B3B3}.Debug|Any CPU.ActiveCfg = Debug|Any CPU
		{571759AC-BE78-463A-8C85-6B080938B3B3}.Debug|Any CPU.Build.0 = Debug|Any CPU
		{571759AC-BE78-463A-8C85-6B080938B3B3}.Release|Any CPU.ActiveCfg = Release|Any CPU
		{571759AC-BE78-463A-8C85-6B080938B3B3}.Release|Any CPU.Build.0 = Release|Any CPU
		{4126E021-77DD-4283-B75E-5183B3DD9C31}.Debug|Any CPU.ActiveCfg = Debug|Any CPU
		{4126E021-77DD-4283-B75E-5183B3DD9C31}.Debug|Any CPU.Build.0 = Debug|Any CPU
		{4126E021-77DD-4283-B75E-5183B3DD9C31}.Release|Any CPU.ActiveCfg = Release|Any CPU
		{4126E021-77DD-4283-B75E-5183B3DD9C31}.Release|Any CPU.Build.0 = Release|Any CPU
		{CD5D6289-A153-4A91-899C-8AA62D6B8673}.Debug|Any CPU.ActiveCfg = Debug|Any CPU
		{CD5D6289-A153-4A91-899C-8AA62D6B8673}.Debug|Any CPU.Build.0 = Debug|Any CPU
		{CD5D6289-A153-4A91-899C-8AA62D6B8673}.Release|Any CPU.ActiveCfg = Release|Any CPU
		{CD5D6289-A153-4A91-899C-8AA62D6B8673}.Release|Any CPU.Build.0 = Release|Any CPU
		{2B183769-047E-4A0C-BA52-F7F1095C0C8C}.Debug|Any CPU.ActiveCfg = Debug|Any CPU
		{2B183769-047E-4A0C-BA52-F7F1095C0C8C}.Debug|Any CPU.Build.0 = Debug|Any CPU
		{2B183769-047E-4A0C-BA52-F7F1095C0C8C}.Release|Any CPU.ActiveCfg = Release|Any CPU
		{2B183769-047E-4A0C-BA52-F7F1095C0C8C}.Release|Any CPU.Build.0 = Release|Any CPU
		{ECAACA30-3061-42AC-A979-937E11CDDE11}.Debug|Any CPU.ActiveCfg = Debug|Any CPU
		{ECAACA30-3061-42AC-A979-937E11CDDE11}.Debug|Any CPU.Build.0 = Debug|Any CPU
		{ECAACA30-3061-42AC-A979-937E11CDDE11}.Release|Any CPU.ActiveCfg = Release|Any CPU
		{ECAACA30-3061-42AC-A979-937E11CDDE11}.Release|Any CPU.Build.0 = Release|Any CPU
		{B2A0508D-CB6E-467E-A58E-92BB226312DB}.Debug|Any CPU.ActiveCfg = Debug|Any CPU
		{B2A0508D-CB6E-467E-A58E-92BB226312DB}.Debug|Any CPU.Build.0 = Debug|Any CPU
		{B2A0508D-CB6E-467E-A58E-92BB226312DB}.Release|Any CPU.ActiveCfg = Release|Any CPU
		{B2A0508D-CB6E-467E-A58E-92BB226312DB}.Release|Any CPU.Build.0 = Release|Any CPU
		{72E84EAE-4A15-4F03-9E92-15F756372B37}.Debug|Any CPU.ActiveCfg = Debug|Any CPU
		{72E84EAE-4A15-4F03-9E92-15F756372B37}.Debug|Any CPU.Build.0 = Debug|Any CPU
		{72E84EAE-4A15-4F03-9E92-15F756372B37}.Release|Any CPU.ActiveCfg = Release|Any CPU
		{72E84EAE-4A15-4F03-9E92-15F756372B37}.Release|Any CPU.Build.0 = Release|Any CPU
		{7094B701-C053-4459-BDA5-27DF71F77F03}.Debug|Any CPU.ActiveCfg = Debug|Any CPU
		{7094B701-C053-4459-BDA5-27DF71F77F03}.Debug|Any CPU.Build.0 = Debug|Any CPU
		{7094B701-C053-4459-BDA5-27DF71F77F03}.Release|Any CPU.ActiveCfg = Release|Any CPU
		{7094B701-C053-4459-BDA5-27DF71F77F03}.Release|Any CPU.Build.0 = Release|Any CPU
		{2D690B4A-AC05-4DE0-A5DC-4CBA9A9CC4A6}.Debug|Any CPU.ActiveCfg = Debug|Any CPU
		{2D690B4A-AC05-4DE0-A5DC-4CBA9A9CC4A6}.Debug|Any CPU.Build.0 = Debug|Any CPU
		{2D690B4A-AC05-4DE0-A5DC-4CBA9A9CC4A6}.Release|Any CPU.ActiveCfg = Release|Any CPU
		{2D690B4A-AC05-4DE0-A5DC-4CBA9A9CC4A6}.Release|Any CPU.Build.0 = Release|Any CPU
		{188EF2A4-83BC-4153-87F3-4670A0E3F16A}.Debug|Any CPU.ActiveCfg = Debug|Any CPU
		{188EF2A4-83BC-4153-87F3-4670A0E3F16A}.Debug|Any CPU.Build.0 = Debug|Any CPU
		{188EF2A4-83BC-4153-87F3-4670A0E3F16A}.Release|Any CPU.ActiveCfg = Release|Any CPU
		{188EF2A4-83BC-4153-87F3-4670A0E3F16A}.Release|Any CPU.Build.0 = Release|Any CPU
		{AFFC805B-96B3-4DEB-9985-E7E0B77A2090}.Debug|Any CPU.ActiveCfg = Debug|Any CPU
		{AFFC805B-96B3-4DEB-9985-E7E0B77A2090}.Debug|Any CPU.Build.0 = Debug|Any CPU
		{AFFC805B-96B3-4DEB-9985-E7E0B77A2090}.Release|Any CPU.ActiveCfg = Release|Any CPU
		{AFFC805B-96B3-4DEB-9985-E7E0B77A2090}.Release|Any CPU.Build.0 = Release|Any CPU
		{2D451CF1-6FA2-46B1-A0DA-6E1D2F672427}.Debug|Any CPU.ActiveCfg = Debug|Any CPU
		{2D451CF1-6FA2-46B1-A0DA-6E1D2F672427}.Debug|Any CPU.Build.0 = Debug|Any CPU
		{2D451CF1-6FA2-46B1-A0DA-6E1D2F672427}.Release|Any CPU.ActiveCfg = Release|Any CPU
		{2D451CF1-6FA2-46B1-A0DA-6E1D2F672427}.Release|Any CPU.Build.0 = Release|Any CPU
		{3A6098AC-9DE9-400F-A9A7-6F1D629BC051}.Debug|Any CPU.ActiveCfg = Debug|Any CPU
		{3A6098AC-9DE9-400F-A9A7-6F1D629BC051}.Debug|Any CPU.Build.0 = Debug|Any CPU
		{3A6098AC-9DE9-400F-A9A7-6F1D629BC051}.Release|Any CPU.ActiveCfg = Release|Any CPU
		{3A6098AC-9DE9-400F-A9A7-6F1D629BC051}.Release|Any CPU.Build.0 = Release|Any CPU
		{6D0F0BF5-3745-4BE8-B2B6-C81139789C53}.Debug|Any CPU.ActiveCfg = Debug|Any CPU
		{6D0F0BF5-3745-4BE8-B2B6-C81139789C53}.Debug|Any CPU.Build.0 = Debug|Any CPU
		{6D0F0BF5-3745-4BE8-B2B6-C81139789C53}.Release|Any CPU.ActiveCfg = Release|Any CPU
		{6D0F0BF5-3745-4BE8-B2B6-C81139789C53}.Release|Any CPU.Build.0 = Release|Any CPU
		{30C6703C-EF3F-496E-B3CA-AADC0618CB76}.Debug|Any CPU.ActiveCfg = Debug|Any CPU
		{30C6703C-EF3F-496E-B3CA-AADC0618CB76}.Debug|Any CPU.Build.0 = Debug|Any CPU
		{30C6703C-EF3F-496E-B3CA-AADC0618CB76}.Release|Any CPU.ActiveCfg = Release|Any CPU
		{30C6703C-EF3F-496E-B3CA-AADC0618CB76}.Release|Any CPU.Build.0 = Release|Any CPU
		{F70A1C52-3B89-4377-ACB7-076B841F51EE}.Debug|Any CPU.ActiveCfg = Debug|Any CPU
		{F70A1C52-3B89-4377-ACB7-076B841F51EE}.Debug|Any CPU.Build.0 = Debug|Any CPU
		{F70A1C52-3B89-4377-ACB7-076B841F51EE}.Release|Any CPU.ActiveCfg = Release|Any CPU
		{F70A1C52-3B89-4377-ACB7-076B841F51EE}.Release|Any CPU.Build.0 = Release|Any CPU
		{B2E92B32-9D75-4495-A760-8E629828395E}.Debug|Any CPU.ActiveCfg = Debug|Any CPU
		{B2E92B32-9D75-4495-A760-8E629828395E}.Debug|Any CPU.Build.0 = Debug|Any CPU
		{B2E92B32-9D75-4495-A760-8E629828395E}.Release|Any CPU.ActiveCfg = Release|Any CPU
		{B2E92B32-9D75-4495-A760-8E629828395E}.Release|Any CPU.Build.0 = Release|Any CPU
	EndGlobalSection
	GlobalSection(NestedProjects) = preSolution
		{2B183769-047E-4A0C-BA52-F7F1095C0C8C} = {F66B30B7-D2F1-492A-9923-5BF91A27E52A}
		{ECAACA30-3061-42AC-A979-937E11CDDE11} = {F66B30B7-D2F1-492A-9923-5BF91A27E52A}
		{B2A0508D-CB6E-467E-A58E-92BB226312DB} = {F66B30B7-D2F1-492A-9923-5BF91A27E52A}
		{72E84EAE-4A15-4F03-9E92-15F756372B37} = {F66B30B7-D2F1-492A-9923-5BF91A27E52A}
		{2D690B4A-AC05-4DE0-A5DC-4CBA9A9CC4A6} = {0AD9F2C7-6DCA-4CF2-BC88-408F25C97778}
		{188EF2A4-83BC-4153-87F3-4670A0E3F16A} = {0AD9F2C7-6DCA-4CF2-BC88-408F25C97778}
		{AFFC805B-96B3-4DEB-9985-E7E0B77A2090} = {0AD9F2C7-6DCA-4CF2-BC88-408F25C97778}
		{2D451CF1-6FA2-46B1-A0DA-6E1D2F672427} = {0AD9F2C7-6DCA-4CF2-BC88-408F25C97778}
		{30C6703C-EF3F-496E-B3CA-AADC0618CB76} = {0AD9F2C7-6DCA-4CF2-BC88-408F25C97778}
		{F70A1C52-3B89-4377-ACB7-076B841F51EE} = {0AD9F2C7-6DCA-4CF2-BC88-408F25C97778}
	EndGlobalSection
EndGlobal
