
Microsoft Visual Studio Solution File, Format Version 12.00
Project("{FAE04EC0-301F-11D3-BF4B-00C04F79EFBC}") = "PolyGame", "PolyGame\PolyGame.csproj", "{D56833F2-0529-47F8-ABE6-EF26513A70A6}"
EndProject
Project("{FAE04EC0-301F-11D3-BF4B-00C04F79EFBC}") = "PolyECS", "PolyECS\PolyECS.csproj", "{571759AC-BE78-463A-8C85-6B080938B3B3}"
EndProject
Project("{FAE04EC0-301F-11D3-BF4B-00C04F79EFBC}") = "PolyECS.Generator", "PolyECS.Generator\PolyECS.Generator.csproj", "{4126E021-77DD-4283-B75E-5183B3DD9C31}"
EndProject
Project("{FAE04EC0-301F-11D3-BF4B-00C04F79EFBC}") = "Verse", "Verse\Verse.csproj", "{CD5D6289-A153-4A91-899C-8AA62D6B8673}"
EndProject
Project("{FAE04EC0-301F-11D3-BF4B-00C04F79EFBC}") = "PolyGame.Tests", "Tests\PolyGame.Tests\PolyGame.Tests.csproj", "{2B183769-047E-4A0C-BA52-F7F1095C0C8C}"
EndProject
Project("{2150E333-8FDC-42A3-9474-1A3956D46DE8}") = "Tests", "Tests", "{F66B30B7-D2F1-492A-9923-5BF91A27E52A}"
EndProject
Project("{FAE04EC0-301F-11D3-BF4B-00C04F79EFBC}") = "TinyEcs", "lib\TinyEcs\src\TinyEcs.csproj", "{2A44C1FB-749D-4DB2-8237-050AC079A2B8}"
EndProject
Project("{FAE04EC0-301F-11D3-BF4B-00C04F79EFBC}") = "TinyEcs.Generator", "lib\TinyEcs\tools\TinyEcs.Generator\TinyEcs.Generator.csproj", "{EE642D27-D4D2-4DE7-B81C-6E6DC000A932}"
EndProject
Project("{FAE04EC0-301F-11D3-BF4B-00C04F79EFBC}") = "PolyECS.Tests", "Tests\PolyECS.Tests\PolyECS.Tests.csproj", "{ECAACA30-3061-42AC-A979-937E11CDDE11}"
EndProject
Project("{2150E333-8FDC-42A3-9474-1A3956D46DE8}") = "Flecs", "Flecs", "{024E2EFA-965B-49E2-80CE-E51CDF740539}"
EndProject
Project("{FAE04EC0-301F-11D3-BF4B-00C04F79EFBC}") = "Flecs.NET", "lib\Flecs.NET\src\Flecs.NET\Flecs.NET.csproj", "{77E31F5F-5CEF-47C1-AEF2-EC763013F9EC}"
EndProject
Project("{FAE04EC0-301F-11D3-BF4B-00C04F79EFBC}") = "Flecs.NET.Bindings", "lib\Flecs.NET\src\Flecs.NET.Bindings\Flecs.NET.Bindings.csproj", "{D2DB84CB-7594-46BC-862A-0E3607532E9C}"
EndProject
Project("{FAE04EC0-301F-11D3-BF4B-00C04F79EFBC}") = "Flecs.NET.Codegen", "lib\Flecs.NET\src\Flecs.NET.Codegen\Flecs.NET.Codegen.csproj", "{3BFE61FD-169E-44E2-BC5D-B5F640CE7FE0}"
EndProject
Project("{FAE04EC0-301F-11D3-BF4B-00C04F79EFBC}") = "Flecs.NET.Native", "lib\Flecs.NET\src\Flecs.NET.Native\Flecs.NET.Native.csproj", "{6C3B2AEC-3A27-4225-973E-1DF553EE77B5}"
EndProject
Global
	GlobalSection(SolutionConfigurationPlatforms) = preSolution
		Debug|Any CPU = Debug|Any CPU
		Release|Any CPU = Release|Any CPU
	EndGlobalSection
	GlobalSection(ProjectConfigurationPlatforms) = postSolution
		{D56833F2-0529-47F8-ABE6-EF26513A70A6}.Debug|Any CPU.ActiveCfg = Debug|Any CPU
		{D56833F2-0529-47F8-ABE6-EF26513A70A6}.Debug|Any CPU.Build.0 = Debug|Any CPU
		{D56833F2-0529-47F8-ABE6-EF26513A70A6}.Release|Any CPU.ActiveCfg = Release|Any CPU
		{D56833F2-0529-47F8-ABE6-EF26513A70A6}.Release|Any CPU.Build.0 = Release|Any CPU
		{571759AC-BE78-463A-8C85-6B080938B3B3}.Debug|Any CPU.ActiveCfg = Debug|Any CPU
		{571759AC-BE78-463A-8C85-6B080938B3B3}.Debug|Any CPU.Build.0 = Debug|Any CPU
		{571759AC-BE78-463A-8C85-6B080938B3B3}.Release|Any CPU.ActiveCfg = Release|Any CPU
		{571759AC-BE78-463A-8C85-6B080938B3B3}.Release|Any CPU.Build.0 = Release|Any CPU
		{4126E021-77DD-4283-B75E-5183B3DD9C31}.Debug|Any CPU.ActiveCfg = Debug|Any CPU
		{4126E021-77DD-4283-B75E-5183B3DD9C31}.Debug|Any CPU.Build.0 = Debug|Any CPU
		{4126E021-77DD-4283-B75E-5183B3DD9C31}.Release|Any CPU.ActiveCfg = Release|Any CPU
		{4126E021-77DD-4283-B75E-5183B3DD9C31}.Release|Any CPU.Build.0 = Release|Any CPU
		{CD5D6289-A153-4A91-899C-8AA62D6B8673}.Debug|Any CPU.ActiveCfg = Debug|Any CPU
		{CD5D6289-A153-4A91-899C-8AA62D6B8673}.Debug|Any CPU.Build.0 = Debug|Any CPU
		{CD5D6289-A153-4A91-899C-8AA62D6B8673}.Release|Any CPU.ActiveCfg = Release|Any CPU
		{CD5D6289-A153-4A91-899C-8AA62D6B8673}.Release|Any CPU.Build.0 = Release|Any CPU
		{2B183769-047E-4A0C-BA52-F7F1095C0C8C}.Debug|Any CPU.ActiveCfg = Debug|Any CPU
		{2B183769-047E-4A0C-BA52-F7F1095C0C8C}.Debug|Any CPU.Build.0 = Debug|Any CPU
		{2B183769-047E-4A0C-BA52-F7F1095C0C8C}.Release|Any CPU.ActiveCfg = Release|Any CPU
		{2B183769-047E-4A0C-BA52-F7F1095C0C8C}.Release|Any CPU.Build.0 = Release|Any CPU
		{2A44C1FB-749D-4DB2-8237-050AC079A2B8}.Debug|Any CPU.ActiveCfg = Debug|Any CPU
		{2A44C1FB-749D-4DB2-8237-050AC079A2B8}.Debug|Any CPU.Build.0 = Debug|Any CPU
		{2A44C1FB-749D-4DB2-8237-050AC079A2B8}.Release|Any CPU.ActiveCfg = Release|Any CPU
		{2A44C1FB-749D-4DB2-8237-050AC079A2B8}.Release|Any CPU.Build.0 = Release|Any CPU
		{EE642D27-D4D2-4DE7-B81C-6E6DC000A932}.Debug|Any CPU.ActiveCfg = Debug|Any CPU
		{EE642D27-D4D2-4DE7-B81C-6E6DC000A932}.Debug|Any CPU.Build.0 = Debug|Any CPU
		{EE642D27-D4D2-4DE7-B81C-6E6DC000A932}.Release|Any CPU.ActiveCfg = Release|Any CPU
		{EE642D27-D4D2-4DE7-B81C-6E6DC000A932}.Release|Any CPU.Build.0 = Release|Any CPU
		{ECAACA30-3061-42AC-A979-937E11CDDE11}.Debug|Any CPU.ActiveCfg = Debug|Any CPU
		{ECAACA30-3061-42AC-A979-937E11CDDE11}.Debug|Any CPU.Build.0 = Debug|Any CPU
		{ECAACA30-3061-42AC-A979-937E11CDDE11}.Release|Any CPU.ActiveCfg = Release|Any CPU
		{ECAACA30-3061-42AC-A979-937E11CDDE11}.Release|Any CPU.Build.0 = Release|Any CPU
		{77E31F5F-5CEF-47C1-AEF2-EC763013F9EC}.Debug|Any CPU.ActiveCfg = Debug|Any CPU
		{77E31F5F-5CEF-47C1-AEF2-EC763013F9EC}.Debug|Any CPU.Build.0 = Debug|Any CPU
		{77E31F5F-5CEF-47C1-AEF2-EC763013F9EC}.Release|Any CPU.ActiveCfg = Release|Any CPU
		{77E31F5F-5CEF-47C1-AEF2-EC763013F9EC}.Release|Any CPU.Build.0 = Release|Any CPU
		{D2DB84CB-7594-46BC-862A-0E3607532E9C}.Debug|Any CPU.ActiveCfg = Debug|Any CPU
		{D2DB84CB-7594-46BC-862A-0E3607532E9C}.Debug|Any CPU.Build.0 = Debug|Any CPU
		{D2DB84CB-7594-46BC-862A-0E3607532E9C}.Release|Any CPU.ActiveCfg = Release|Any CPU
		{D2DB84CB-7594-46BC-862A-0E3607532E9C}.Release|Any CPU.Build.0 = Release|Any CPU
		{3BFE61FD-169E-44E2-BC5D-B5F640CE7FE0}.Debug|Any CPU.ActiveCfg = Debug|Any CPU
		{3BFE61FD-169E-44E2-BC5D-B5F640CE7FE0}.Debug|Any CPU.Build.0 = Debug|Any CPU
		{3BFE61FD-169E-44E2-BC5D-B5F640CE7FE0}.Release|Any CPU.ActiveCfg = Release|Any CPU
		{3BFE61FD-169E-44E2-BC5D-B5F640CE7FE0}.Release|Any CPU.Build.0 = Release|Any CPU
		{6C3B2AEC-3A27-4225-973E-1DF553EE77B5}.Debug|Any CPU.ActiveCfg = Debug|Any CPU
		{6C3B2AEC-3A27-4225-973E-1DF553EE77B5}.Debug|Any CPU.Build.0 = Debug|Any CPU
		{6C3B2AEC-3A27-4225-973E-1DF553EE77B5}.Release|Any CPU.ActiveCfg = Release|Any CPU
		{6C3B2AEC-3A27-4225-973E-1DF553EE77B5}.Release|Any CPU.Build.0 = Release|Any CPU
	EndGlobalSection
	GlobalSection(NestedProjects) = preSolution
		{2B183769-047E-4A0C-BA52-F7F1095C0C8C} = {F66B30B7-D2F1-492A-9923-5BF91A27E52A}
		{ECAACA30-3061-42AC-A979-937E11CDDE11} = {F66B30B7-D2F1-492A-9923-5BF91A27E52A}
		{77E31F5F-5CEF-47C1-AEF2-EC763013F9EC} = {024E2EFA-965B-49E2-80CE-E51CDF740539}
		{D2DB84CB-7594-46BC-862A-0E3607532E9C} = {024E2EFA-965B-49E2-80CE-E51CDF740539}
		{3BFE61FD-169E-44E2-BC5D-B5F640CE7FE0} = {024E2EFA-965B-49E2-80CE-E51CDF740539}
		{6C3B2AEC-3A27-4225-973E-1DF553EE77B5} = {024E2EFA-965B-49E2-80CE-E51CDF740539}
	EndGlobalSection
EndGlobal
