
Microsoft Visual Studio Solution File, Format Version 12.00
Project("{FAE04EC0-301F-11D3-BF4B-00C04F79EFBC}") = "PolyGame", "PolyGame\PolyGame.csproj", "{D56833F2-0529-47F8-ABE6-EF26513A70A6}"
EndProject
Project("{FAE04EC0-301F-11D3-BF4B-00C04F79EFBC}") = "PolyECS", "PolyECS\PolyECS.csproj", "{571759AC-BE78-463A-8C85-6B080938B3B3}"
EndProject
Project("{FAE04EC0-301F-11D3-BF4B-00C04F79EFBC}") = "PolyECS.Generator", "PolyECS.Generator\PolyECS.Generator.csproj", "{4126E021-77DD-4283-B75E-5183B3DD9C31}"
EndProject
Project("{FAE04EC0-301F-11D3-BF4B-00C04F79EFBC}") = "Verse", "Verse\Verse.csproj", "{CD5D6289-A153-4A91-899C-8AA62D6B8673}"
EndProject
Project("{FAE04EC0-301F-11D3-BF4B-00C04F79EFBC}") = "PolyGame.Tests", "Tests\PolyGame.Tests\PolyGame.Tests.csproj", "{2B183769-047E-4A0C-BA52-F7F1095C0C8C}"
EndProject
Project("{FAE04EC0-301F-11D3-BF4B-00C04F79EFBC}") = "Flecs.NET", "lib\Flecs.NET\src\Flecs.NET\Flecs.NET.csproj", "{1F583726-2894-46B2-A1CE-5A99C832A43D}"
EndProject
Project("{FAE04EC0-301F-11D3-BF4B-00C04F79EFBC}") = "Flecs.NET.Native", "lib\Flecs.NET\src\Flecs.NET.Native\Flecs.NET.Native.csproj", "{C00AB1B1-716E-444C-B410-A412A9524A01}"
EndProject
Project("{FAE04EC0-301F-11D3-BF4B-00C04F79EFBC}") = "Flecs.NET.Bindings", "lib\Flecs.NET\src\Flecs.NET.Bindings\Flecs.NET.Bindings.csproj", "{40778E5F-9A3F-4C20-AE62-8C258D3CA65D}"
EndProject
Project("{2150E333-8FDC-42A3-9474-1A3956D46DE8}") = "Flecs", "Flecs", "{4CCA85E1-0BE6-4C0C-8E2E-C624E1E7D7B7}"
EndProject
Project("{FAE04EC0-301F-11D3-BF4B-00C04F79EFBC}") = "Flecs.NET.Codegen", "lib\Flecs.NET\src\Flecs.NET.Codegen\Flecs.NET.Codegen.csproj", "{A6123E66-E195-4621-B757-49C30189528B}"
EndProject
Project("{2150E333-8FDC-42A3-9474-1A3956D46DE8}") = "Tests", "Tests", "{F66B30B7-D2F1-492A-9923-5BF91A27E52A}"
EndProject
Global
	GlobalSection(SolutionConfigurationPlatforms) = preSolution
		Debug|Any CPU = Debug|Any CPU
		Release|Any CPU = Release|Any CPU
	EndGlobalSection
	GlobalSection(ProjectConfigurationPlatforms) = postSolution
		{D56833F2-0529-47F8-ABE6-EF26513A70A6}.Debug|Any CPU.ActiveCfg = Debug|Any CPU
		{D56833F2-0529-47F8-ABE6-EF26513A70A6}.Debug|Any CPU.Build.0 = Debug|Any CPU
		{D56833F2-0529-47F8-ABE6-EF26513A70A6}.Release|Any CPU.ActiveCfg = Release|Any CPU
		{D56833F2-0529-47F8-ABE6-EF26513A70A6}.Release|Any CPU.Build.0 = Release|Any CPU
		{571759AC-BE78-463A-8C85-6B080938B3B3}.Debug|Any CPU.ActiveCfg = Debug|Any CPU
		{571759AC-BE78-463A-8C85-6B080938B3B3}.Debug|Any CPU.Build.0 = Debug|Any CPU
		{571759AC-BE78-463A-8C85-6B080938B3B3}.Release|Any CPU.ActiveCfg = Release|Any CPU
		{571759AC-BE78-463A-8C85-6B080938B3B3}.Release|Any CPU.Build.0 = Release|Any CPU
		{4126E021-77DD-4283-B75E-5183B3DD9C31}.Debug|Any CPU.ActiveCfg = Debug|Any CPU
		{4126E021-77DD-4283-B75E-5183B3DD9C31}.Debug|Any CPU.Build.0 = Debug|Any CPU
		{4126E021-77DD-4283-B75E-5183B3DD9C31}.Release|Any CPU.ActiveCfg = Release|Any CPU
		{4126E021-77DD-4283-B75E-5183B3DD9C31}.Release|Any CPU.Build.0 = Release|Any CPU
		{CD5D6289-A153-4A91-899C-8AA62D6B8673}.Debug|Any CPU.ActiveCfg = Debug|Any CPU
		{CD5D6289-A153-4A91-899C-8AA62D6B8673}.Debug|Any CPU.Build.0 = Debug|Any CPU
		{CD5D6289-A153-4A91-899C-8AA62D6B8673}.Release|Any CPU.ActiveCfg = Release|Any CPU
		{CD5D6289-A153-4A91-899C-8AA62D6B8673}.Release|Any CPU.Build.0 = Release|Any CPU
		{2B183769-047E-4A0C-BA52-F7F1095C0C8C}.Debug|Any CPU.ActiveCfg = Debug|Any CPU
		{2B183769-047E-4A0C-BA52-F7F1095C0C8C}.Debug|Any CPU.Build.0 = Debug|Any CPU
		{2B183769-047E-4A0C-BA52-F7F1095C0C8C}.Release|Any CPU.ActiveCfg = Release|Any CPU
		{2B183769-047E-4A0C-BA52-F7F1095C0C8C}.Release|Any CPU.Build.0 = Release|Any CPU
		{1F583726-2894-46B2-A1CE-5A99C832A43D}.Debug|Any CPU.ActiveCfg = Debug|Any CPU
		{1F583726-2894-46B2-A1CE-5A99C832A43D}.Debug|Any CPU.Build.0 = Debug|Any CPU
		{1F583726-2894-46B2-A1CE-5A99C832A43D}.Release|Any CPU.ActiveCfg = Release|Any CPU
		{1F583726-2894-46B2-A1CE-5A99C832A43D}.Release|Any CPU.Build.0 = Release|Any CPU
		{C00AB1B1-716E-444C-B410-A412A9524A01}.Debug|Any CPU.ActiveCfg = Debug|Any CPU
		{C00AB1B1-716E-444C-B410-A412A9524A01}.Debug|Any CPU.Build.0 = Debug|Any CPU
		{C00AB1B1-716E-444C-B410-A412A9524A01}.Release|Any CPU.ActiveCfg = Release|Any CPU
		{C00AB1B1-716E-444C-B410-A412A9524A01}.Release|Any CPU.Build.0 = Release|Any CPU
		{40778E5F-9A3F-4C20-AE62-8C258D3CA65D}.Debug|Any CPU.ActiveCfg = Debug|Any CPU
		{40778E5F-9A3F-4C20-AE62-8C258D3CA65D}.Debug|Any CPU.Build.0 = Debug|Any CPU
		{40778E5F-9A3F-4C20-AE62-8C258D3CA65D}.Release|Any CPU.ActiveCfg = Release|Any CPU
		{40778E5F-9A3F-4C20-AE62-8C258D3CA65D}.Release|Any CPU.Build.0 = Release|Any CPU
		{A6123E66-E195-4621-B757-49C30189528B}.Debug|Any CPU.ActiveCfg = Debug|Any CPU
		{A6123E66-E195-4621-B757-49C30189528B}.Debug|Any CPU.Build.0 = Debug|Any CPU
		{A6123E66-E195-4621-B757-49C30189528B}.Release|Any CPU.ActiveCfg = Release|Any CPU
		{A6123E66-E195-4621-B757-49C30189528B}.Release|Any CPU.Build.0 = Release|Any CPU
	EndGlobalSection
	GlobalSection(NestedProjects) = preSolution
		{1F583726-2894-46B2-A1CE-5A99C832A43D} = {4CCA85E1-0BE6-4C0C-8E2E-C624E1E7D7B7}
		{40778E5F-9A3F-4C20-AE62-8C258D3CA65D} = {4CCA85E1-0BE6-4C0C-8E2E-C624E1E7D7B7}
		{C00AB1B1-716E-444C-B410-A412A9524A01} = {4CCA85E1-0BE6-4C0C-8E2E-C624E1E7D7B7}
		{A6123E66-E195-4621-B757-49C30189528B} = {4CCA85E1-0BE6-4C0C-8E2E-C624E1E7D7B7}
		{2B183769-047E-4A0C-BA52-F7F1095C0C8C} = {F66B30B7-D2F1-492A-9923-5BF91A27E52A}
	EndGlobalSection
EndGlobal
